// !$*UTF8*$!
{
	archiveVersion = 1;
	classes = {
	};
	objectVersion = 46;
	objects = {

/* Begin PBXBuildFile section */
		506B1A5A14C655F900CE4C76 /* CoreData.framework in Frameworks */ = {isa = PBXBuildFile; fileRef = 506B1A5914C655F900CE4C76 /* CoreData.framework */; };
		506B1A5E14C6564000CE4C76 /* LogModel.xcdatamodeld in Sources */ = {isa = PBXBuildFile; fileRef = 506B1A5C14C6564000CE4C76 /* LogModel.xcdatamodeld */; };
		93615A2A14C53839009BB6CF /* TMOneViewController.m in Sources */ = {isa = PBXBuildFile; fileRef = 93615A2814C53839009BB6CF /* TMOneViewController.m */; };
		93615A2B14C53839009BB6CF /* TMOneViewController.xib in Resources */ = {isa = PBXBuildFile; fileRef = 93615A2914C53839009BB6CF /* TMOneViewController.xib */; };
		93C8A7B214C52D2F00EC285C /* exercises.txt in Resources */ = {isa = PBXBuildFile; fileRef = 93C8A7B114C52D2F00EC285C /* exercises.txt */; };
		93F3BB4A14C52487004BFDB7 /* UIKit.framework in Frameworks */ = {isa = PBXBuildFile; fileRef = 93F3BB4914C52487004BFDB7 /* UIKit.framework */; };
		93F3BB4C14C52487004BFDB7 /* Foundation.framework in Frameworks */ = {isa = PBXBuildFile; fileRef = 93F3BB4B14C52487004BFDB7 /* Foundation.framework */; };
		93F3BB4E14C52487004BFDB7 /* CoreGraphics.framework in Frameworks */ = {isa = PBXBuildFile; fileRef = 93F3BB4D14C52487004BFDB7 /* CoreGraphics.framework */; };
		93F3BB5414C52487004BFDB7 /* InfoPlist.strings in Resources */ = {isa = PBXBuildFile; fileRef = 93F3BB5214C52487004BFDB7 /* InfoPlist.strings */; };
		93F3BB5614C52487004BFDB7 /* main.m in Sources */ = {isa = PBXBuildFile; fileRef = 93F3BB5514C52487004BFDB7 /* main.m */; };
		93F3BB5A14C52487004BFDB7 /* TMAppDelegate.m in Sources */ = {isa = PBXBuildFile; fileRef = 93F3BB5914C52487004BFDB7 /* TMAppDelegate.m */; };
		93F3BB5D14C52487004BFDB7 /* TMExerciseViewController.m in Sources */ = {isa = PBXBuildFile; fileRef = 93F3BB5C14C52487004BFDB7 /* TMExerciseViewController.m */; };
		93F3BB5F14C52487004BFDB7 /* exercises.png in Resources */ = {isa = PBXBuildFile; fileRef = 93F3BB5E14C52487004BFDB7 /* exercises.png */; };
		93F3BB6114C52487004BFDB7 /* exercises@2x.png in Resources */ = {isa = PBXBuildFile; fileRef = 93F3BB6014C52487004BFDB7 /* exercises@2x.png */; };
		93F3BB6414C52487004BFDB7 /* TMLogViewController.m in Sources */ = {isa = PBXBuildFile; fileRef = 93F3BB6314C52487004BFDB7 /* TMLogViewController.m */; };
		93F3BB6614C52487004BFDB7 /* log.png in Resources */ = {isa = PBXBuildFile; fileRef = 93F3BB6514C52487004BFDB7 /* log.png */; };
		93F3BB6814C52487004BFDB7 /* log@2x.png in Resources */ = {isa = PBXBuildFile; fileRef = 93F3BB6714C52487004BFDB7 /* log@2x.png */; };
		93F3BB6B14C52487004BFDB7 /* TMExerciseViewController.xib in Resources */ = {isa = PBXBuildFile; fileRef = 93F3BB6914C52487004BFDB7 /* TMExerciseViewController.xib */; };
		93F3BB7114C52488004BFDB7 /* TMLogViewController.xib in Resources */ = {isa = PBXBuildFile; fileRef = 93F3BB6F14C52488004BFDB7 /* TMLogViewController.xib */; };
/* End PBXBuildFile section */

/* Begin PBXFileReference section */
		506B1A5914C655F900CE4C76 /* CoreData.framework */ = {isa = PBXFileReference; lastKnownFileType = wrapper.framework; name = CoreData.framework; path = System/Library/Frameworks/CoreData.framework; sourceTree = SDKROOT; };
		506B1A5D14C6564000CE4C76 /* LogModel.xcdatamodel */ = {isa = PBXFileReference; lastKnownFileType = wrapper.xcdatamodel; path = LogModel.xcdatamodel; sourceTree = "<group>"; };
		93615A2714C53839009BB6CF /* TMOneViewController.h */ = {isa = PBXFileReference; fileEncoding = 4; lastKnownFileType = sourcecode.c.h; path = TMOneViewController.h; sourceTree = "<group>"; };
		93615A2814C53839009BB6CF /* TMOneViewController.m */ = {isa = PBXFileReference; fileEncoding = 4; lastKnownFileType = sourcecode.c.objc; path = TMOneViewController.m; sourceTree = "<group>"; };
		93615A2914C53839009BB6CF /* TMOneViewController.xib */ = {isa = PBXFileReference; fileEncoding = 4; lastKnownFileType = file.xib; path = TMOneViewController.xib; sourceTree = "<group>"; };
		93C8A7B114C52D2F00EC285C /* exercises.txt */ = {isa = PBXFileReference; fileEncoding = 4; lastKnownFileType = text; path = exercises.txt; sourceTree = "<group>"; };
		93F3BB4514C52487004BFDB7 /* Tough Mudder.app */ = {isa = PBXFileReference; explicitFileType = wrapper.application; includeInIndex = 0; path = "Tough Mudder.app"; sourceTree = BUILT_PRODUCTS_DIR; };
		93F3BB4914C52487004BFDB7 /* UIKit.framework */ = {isa = PBXFileReference; lastKnownFileType = wrapper.framework; name = UIKit.framework; path = System/Library/Frameworks/UIKit.framework; sourceTree = SDKROOT; };
		93F3BB4B14C52487004BFDB7 /* Foundation.framework */ = {isa = PBXFileReference; lastKnownFileType = wrapper.framework; name = Foundation.framework; path = System/Library/Frameworks/Foundation.framework; sourceTree = SDKROOT; };
		93F3BB4D14C52487004BFDB7 /* CoreGraphics.framework */ = {isa = PBXFileReference; lastKnownFileType = wrapper.framework; name = CoreGraphics.framework; path = System/Library/Frameworks/CoreGraphics.framework; sourceTree = SDKROOT; };
		93F3BB5114C52487004BFDB7 /* Tough Mudder-Info.plist */ = {isa = PBXFileReference; lastKnownFileType = text.plist.xml; path = "Tough Mudder-Info.plist"; sourceTree = "<group>"; };
		93F3BB5314C52487004BFDB7 /* en */ = {isa = PBXFileReference; lastKnownFileType = text.plist.strings; name = en; path = en.lproj/InfoPlist.strings; sourceTree = "<group>"; };
		93F3BB5514C52487004BFDB7 /* main.m */ = {isa = PBXFileReference; lastKnownFileType = sourcecode.c.objc; path = main.m; sourceTree = "<group>"; };
		93F3BB5714C52487004BFDB7 /* Tough Mudder-Prefix.pch */ = {isa = PBXFileReference; lastKnownFileType = sourcecode.c.h; path = "Tough Mudder-Prefix.pch"; sourceTree = "<group>"; };
		93F3BB5814C52487004BFDB7 /* TMAppDelegate.h */ = {isa = PBXFileReference; lastKnownFileType = sourcecode.c.h; path = TMAppDelegate.h; sourceTree = "<group>"; };
		93F3BB5914C52487004BFDB7 /* TMAppDelegate.m */ = {isa = PBXFileReference; lastKnownFileType = sourcecode.c.objc; path = TMAppDelegate.m; sourceTree = "<group>"; };
		93F3BB5B14C52487004BFDB7 /* TMExerciseViewController.h */ = {isa = PBXFileReference; lastKnownFileType = sourcecode.c.h; path = TMExerciseViewController.h; sourceTree = "<group>"; };
		93F3BB5C14C52487004BFDB7 /* TMExerciseViewController.m */ = {isa = PBXFileReference; lastKnownFileType = sourcecode.c.objc; path = TMExerciseViewController.m; sourceTree = "<group>"; };
		93F3BB5E14C52487004BFDB7 /* exercises.png */ = {isa = PBXFileReference; lastKnownFileType = image.png; path = exercises.png; sourceTree = "<group>"; };
		93F3BB6014C52487004BFDB7 /* exercises@2x.png */ = {isa = PBXFileReference; lastKnownFileType = image.png; path = "exercises@2x.png"; sourceTree = "<group>"; };
		93F3BB6214C52487004BFDB7 /* TMLogViewController.h */ = {isa = PBXFileReference; lastKnownFileType = sourcecode.c.h; path = TMLogViewController.h; sourceTree = "<group>"; };
		93F3BB6314C52487004BFDB7 /* TMLogViewController.m */ = {isa = PBXFileReference; lastKnownFileType = sourcecode.c.objc; path = TMLogViewController.m; sourceTree = "<group>"; };
		93F3BB6514C52487004BFDB7 /* log.png */ = {isa = PBXFileReference; lastKnownFileType = image.png; path = log.png; sourceTree = "<group>"; };
		93F3BB6714C52487004BFDB7 /* log@2x.png */ = {isa = PBXFileReference; lastKnownFileType = image.png; path = "log@2x.png"; sourceTree = "<group>"; };
		93F3BB6A14C52487004BFDB7 /* en */ = {isa = PBXFileReference; lastKnownFileType = file.xib; name = en; path = en.lproj/TMExerciseViewController.xib; sourceTree = "<group>"; };
		93F3BB7014C52488004BFDB7 /* en */ = {isa = PBXFileReference; lastKnownFileType = file.xib; name = en; path = en.lproj/TMLogViewController.xib; sourceTree = "<group>"; };
/* End PBXFileReference section */

/* Begin PBXFrameworksBuildPhase section */
		93F3BB4214C52487004BFDB7 /* Frameworks */ = {
			isa = PBXFrameworksBuildPhase;
			buildActionMask = 2147483647;
			files = (
				506B1A5A14C655F900CE4C76 /* CoreData.framework in Frameworks */,
				93F3BB4A14C52487004BFDB7 /* UIKit.framework in Frameworks */,
				93F3BB4C14C52487004BFDB7 /* Foundation.framework in Frameworks */,
				93F3BB4E14C52487004BFDB7 /* CoreGraphics.framework in Frameworks */,
			);
			runOnlyForDeploymentPostprocessing = 0;
		};
/* End PBXFrameworksBuildPhase section */

/* Begin PBXGroup section */
		93C8A7B014C52D0800EC285C /* resources */ = {
			isa = PBXGroup;
			children = (
				93C8A7B114C52D2F00EC285C /* exercises.txt */,
				506B1A5C14C6564000CE4C76 /* LogModel.xcdatamodeld */,
			);
			name = resources;
			sourceTree = "<group>";
		};
		93F3BB3A14C52487004BFDB7 = {
			isa = PBXGroup;
			children = (
				506B1A5914C655F900CE4C76 /* CoreData.framework */,
				93F3BB4F14C52487004BFDB7 /* Tough Mudder */,
				93F3BB4814C52487004BFDB7 /* Frameworks */,
				93F3BB4614C52487004BFDB7 /* Products */,
			);
			sourceTree = "<group>";
		};
		93F3BB4614C52487004BFDB7 /* Products */ = {
			isa = PBXGroup;
			children = (
				93F3BB4514C52487004BFDB7 /* Tough Mudder.app */,
			);
			name = Products;
			sourceTree = "<group>";
		};
		93F3BB4814C52487004BFDB7 /* Frameworks */ = {
			isa = PBXGroup;
			children = (
				93F3BB4914C52487004BFDB7 /* UIKit.framework */,
				93F3BB4B14C52487004BFDB7 /* Foundation.framework */,
				93F3BB4D14C52487004BFDB7 /* CoreGraphics.framework */,
			);
			name = Frameworks;
			sourceTree = "<group>";
		};
		93F3BB4F14C52487004BFDB7 /* Tough Mudder */ = {
			isa = PBXGroup;
			children = (
				93C8A7B014C52D0800EC285C /* resources */,
				93F3BB5814C52487004BFDB7 /* TMAppDelegate.h */,
				93F3BB5914C52487004BFDB7 /* TMAppDelegate.m */,
				93F3BB5B14C52487004BFDB7 /* TMExerciseViewController.h */,
				93F3BB5C14C52487004BFDB7 /* TMExerciseViewController.m */,
				93F3BB6914C52487004BFDB7 /* TMExerciseViewController.xib */,
				93F3BB5E14C52487004BFDB7 /* exercises.png */,
				93F3BB6014C52487004BFDB7 /* exercises@2x.png */,
				93F3BB6214C52487004BFDB7 /* TMLogViewController.h */,
				93F3BB6314C52487004BFDB7 /* TMLogViewController.m */,
				93F3BB6F14C52488004BFDB7 /* TMLogViewController.xib */,
				93615A2714C53839009BB6CF /* TMOneViewController.h */,
				93615A2814C53839009BB6CF /* TMOneViewController.m */,
				93615A2914C53839009BB6CF /* TMOneViewController.xib */,
				93F3BB6514C52487004BFDB7 /* log.png */,
				93F3BB6714C52487004BFDB7 /* log@2x.png */,
				93F3BB5014C52487004BFDB7 /* Supporting Files */,
			);
			path = "Tough Mudder";
			sourceTree = "<group>";
		};
		93F3BB5014C52487004BFDB7 /* Supporting Files */ = {
			isa = PBXGroup;
			children = (
				93F3BB5114C52487004BFDB7 /* Tough Mudder-Info.plist */,
				93F3BB5214C52487004BFDB7 /* InfoPlist.strings */,
				93F3BB5514C52487004BFDB7 /* main.m */,
				93F3BB5714C52487004BFDB7 /* Tough Mudder-Prefix.pch */,
			);
			name = "Supporting Files";
			sourceTree = "<group>";
		};
/* End PBXGroup section */

/* Begin PBXNativeTarget section */
		93F3BB4414C52487004BFDB7 /* Tough Mudder */ = {
			isa = PBXNativeTarget;
			buildConfigurationList = 93F3BB7714C52488004BFDB7 /* Build configuration list for PBXNativeTarget "Tough Mudder" */;
			buildPhases = (
				93F3BB4114C52487004BFDB7 /* Sources */,
				93F3BB4214C52487004BFDB7 /* Frameworks */,
				93F3BB4314C52487004BFDB7 /* Resources */,
			);
			buildRules = (
			);
			dependencies = (
			);
			name = "Tough Mudder";
			productName = "Tough Mudder";
			productReference = 93F3BB4514C52487004BFDB7 /* Tough Mudder.app */;
			productType = "com.apple.product-type.application";
		};
/* End PBXNativeTarget section */

/* Begin PBXProject section */
		93F3BB3C14C52487004BFDB7 /* Project object */ = {
			isa = PBXProject;
			attributes = {
				LastUpgradeCheck = 0420;
			};
			buildConfigurationList = 93F3BB3F14C52487004BFDB7 /* Build configuration list for PBXProject "Tough Mudder" */;
			compatibilityVersion = "Xcode 3.2";
			developmentRegion = English;
			hasScannedForEncodings = 0;
			knownRegions = (
				en,
			);
			mainGroup = 93F3BB3A14C52487004BFDB7;
			productRefGroup = 93F3BB4614C52487004BFDB7 /* Products */;
			projectDirPath = "";
			projectRoot = "";
			targets = (
				93F3BB4414C52487004BFDB7 /* Tough Mudder */,
			);
		};
/* End PBXProject section */

/* Begin PBXResourcesBuildPhase section */
		93F3BB4314C52487004BFDB7 /* Resources */ = {
			isa = PBXResourcesBuildPhase;
			buildActionMask = 2147483647;
			files = (
				93F3BB5414C52487004BFDB7 /* InfoPlist.strings in Resources */,
				93F3BB5F14C52487004BFDB7 /* exercises.png in Resources */,
				93F3BB6114C52487004BFDB7 /* exercises@2x.png in Resources */,
				93F3BB6614C52487004BFDB7 /* log.png in Resources */,
				93F3BB6814C52487004BFDB7 /* log@2x.png in Resources */,
				93F3BB6B14C52487004BFDB7 /* TMExerciseViewController.xib in Resources */,
				93F3BB7114C52488004BFDB7 /* TMLogViewController.xib in Resources */,
				93C8A7B214C52D2F00EC285C /* exercises.txt in Resources */,
				93615A2B14C53839009BB6CF /* TMOneViewController.xib in Resources */,
			);
			runOnlyForDeploymentPostprocessing = 0;
		};
/* End PBXResourcesBuildPhase section */

/* Begin PBXSourcesBuildPhase section */
		93F3BB4114C52487004BFDB7 /* Sources */ = {
			isa = PBXSourcesBuildPhase;
			buildActionMask = 2147483647;
			files = (
				93F3BB5614C52487004BFDB7 /* main.m in Sources */,
				93F3BB5A14C52487004BFDB7 /* TMAppDelegate.m in Sources */,
				93F3BB5D14C52487004BFDB7 /* TMExerciseViewController.m in Sources */,
				93F3BB6414C52487004BFDB7 /* TMLogViewController.m in Sources */,
				93615A2A14C53839009BB6CF /* TMOneViewController.m in Sources */,
				506B1A5E14C6564000CE4C76 /* LogModel.xcdatamodeld in Sources */,
			);
			runOnlyForDeploymentPostprocessing = 0;
		};
/* End PBXSourcesBuildPhase section */

/* Begin PBXVariantGroup section */
		93F3BB5214C52487004BFDB7 /* InfoPlist.strings */ = {
			isa = PBXVariantGroup;
			children = (
				93F3BB5314C52487004BFDB7 /* en */,
			);
			name = InfoPlist.strings;
			sourceTree = "<group>";
		};
		93F3BB6914C52487004BFDB7 /* TMExerciseViewController.xib */ = {
			isa = PBXVariantGroup;
			children = (
				93F3BB6A14C52487004BFDB7 /* en */,
			);
			name = TMExerciseViewController.xib;
			sourceTree = "<group>";
		};
		93F3BB6F14C52488004BFDB7 /* TMLogViewController.xib */ = {
			isa = PBXVariantGroup;
			children = (
				93F3BB7014C52488004BFDB7 /* en */,
			);
			name = TMLogViewController.xib;
			sourceTree = "<group>";
		};
/* End PBXVariantGroup section */

/* Begin XCBuildConfiguration section */
		93F3BB7514C52488004BFDB7 /* Debug */ = {
			isa = XCBuildConfiguration;
			buildSettings = {
				ALWAYS_SEARCH_USER_PATHS = NO;
				ARCHS = "$(ARCHS_STANDARD_32_BIT)";
				CODE_SIGN_IDENTITY = "";
				"CODE_SIGN_IDENTITY[sdk=iphoneos*]" = "iPhone Developer";
				COPY_PHASE_STRIP = NO;
				GCC_C_LANGUAGE_STANDARD = gnu99;
				GCC_DYNAMIC_NO_PIC = NO;
				GCC_OPTIMIZATION_LEVEL = 0;
				GCC_PREPROCESSOR_DEFINITIONS = (
					"DEBUG=1",
					"$(inherited)",
				);
				GCC_SYMBOLS_PRIVATE_EXTERN = NO;
				GCC_VERSION = com.apple.compilers.llvm.clang.1_0;
				GCC_WARN_ABOUT_MISSING_PROTOTYPES = YES;
				GCC_WARN_ABOUT_RETURN_TYPE = YES;
				GCC_WARN_UNUSED_VARIABLE = YES;
				IPHONEOS_DEPLOYMENT_TARGET = 5.0;
				SDKROOT = iphoneos;
				TARGETED_DEVICE_FAMILY = "1,2";
			};
			name = Debug;
		};
		93F3BB7614C52488004BFDB7 /* Release */ = {
			isa = XCBuildConfiguration;
			buildSettings = {
				ALWAYS_SEARCH_USER_PATHS = NO;
				ARCHS = "$(ARCHS_STANDARD_32_BIT)";
				CODE_SIGN_IDENTITY = "";
				"CODE_SIGN_IDENTITY[sdk=iphoneos*]" = "iPhone Developer";
				COPY_PHASE_STRIP = YES;
				GCC_C_LANGUAGE_STANDARD = gnu99;
				GCC_VERSION = com.apple.compilers.llvm.clang.1_0;
				GCC_WARN_ABOUT_MISSING_PROTOTYPES = YES;
				GCC_WARN_ABOUT_RETURN_TYPE = YES;
				GCC_WARN_UNUSED_VARIABLE = YES;
				IPHONEOS_DEPLOYMENT_TARGET = 5.0;
				OTHER_CFLAGS = "-DNS_BLOCK_ASSERTIONS=1";
				SDKROOT = iphoneos;
				TARGETED_DEVICE_FAMILY = "1,2";
				VALIDATE_PRODUCT = YES;
			};
			name = Release;
		};
		93F3BB7814C52488004BFDB7 /* Debug */ = {
			isa = XCBuildConfiguration;
			buildSettings = {
				GCC_PRECOMPILE_PREFIX_HEADER = YES;
				GCC_PREFIX_HEADER = "Tough Mudder/Tough Mudder-Prefix.pch";
				INFOPLIST_FILE = "Tough Mudder/Tough Mudder-Info.plist";
				PRODUCT_NAME = "$(TARGET_NAME)";
				WRAPPER_EXTENSION = app;
			};
			name = Debug;
		};
		93F3BB7914C52488004BFDB7 /* Release */ = {
			isa = XCBuildConfiguration;
			buildSettings = {
				GCC_PRECOMPILE_PREFIX_HEADER = YES;
				GCC_PREFIX_HEADER = "Tough Mudder/Tough Mudder-Prefix.pch";
				INFOPLIST_FILE = "Tough Mudder/Tough Mudder-Info.plist";
				PRODUCT_NAME = "$(TARGET_NAME)";
				WRAPPER_EXTENSION = app;
			};
			name = Release;
		};
/* End XCBuildConfiguration section */

/* Begin XCConfigurationList section */
		93F3BB3F14C52487004BFDB7 /* Build configuration list for PBXProject "Tough Mudder" */ = {
			isa = XCConfigurationList;
			buildConfigurations = (
				93F3BB7514C52488004BFDB7 /* Debug */,
				93F3BB7614C52488004BFDB7 /* Release */,
			);
			defaultConfigurationIsVisible = 0;
			defaultConfigurationName = Release;
		};
		93F3BB7714C52488004BFDB7 /* Build configuration list for PBXNativeTarget "Tough Mudder" */ = {
			isa = XCConfigurationList;
			buildConfigurations = (
				93F3BB7814C52488004BFDB7 /* Debug */,
				93F3BB7914C52488004BFDB7 /* Release */,
			);
			defaultConfigurationIsVisible = 0;
			defaultConfigurationName = Release;
		};
/* End XCConfigurationList section */

/* Begin XCVersionGroup section */
		506B1A5C14C6564000CE4C76 /* LogModel.xcdatamodeld */ = {
			isa = XCVersionGroup;
			children = (
				506B1A5D14C6564000CE4C76 /* LogModel.xcdatamodel */,
			);
			currentVersion = 506B1A5D14C6564000CE4C76 /* LogModel.xcdatamodel */;
			path = LogModel.xcdatamodeld;
			sourceTree = "<group>";
			versionGroupType = wrapper.xcdatamodel;
		};
/* End XCVersionGroup section */
	};
	rootObject = 93F3BB3C14C52487004BFDB7 /* Project object */;
}
